// !$*UTF8*$!
{
	archiveVersion = 1;
	classes = {
	};
	objectVersion = 46;
	objects = {

/* Begin PBXBuildFile section */
		D594BBF91E025EA600595F59 /* main.m in Sources */ = {isa = PBXBuildFile; fileRef = D594BBF81E025EA600595F59 /* main.m */; };
		D594BBFC1E025EA600595F59 /* AppDelegate.m in Sources */ = {isa = PBXBuildFile; fileRef = D594BBFB1E025EA600595F59 /* AppDelegate.m */; };
		D594BBFF1E025EA600595F59 /* ViewController.m in Sources */ = {isa = PBXBuildFile; fileRef = D594BBFE1E025EA600595F59 /* ViewController.m */; };
		D594BC021E025EA600595F59 /* Main.storyboard in Resources */ = {isa = PBXBuildFile; fileRef = D594BC001E025EA600595F59 /* Main.storyboard */; };
		D594BC041E025EA600595F59 /* Assets.xcassets in Resources */ = {isa = PBXBuildFile; fileRef = D594BC031E025EA600595F59 /* Assets.xcassets */; };
		D594BC071E025EA600595F59 /* LaunchScreen.storyboard in Resources */ = {isa = PBXBuildFile; fileRef = D594BC051E025EA600595F59 /* LaunchScreen.storyboard */; };
		D594BC121E025EA600595F59 /* ____Tests.m in Sources */ = {isa = PBXBuildFile; fileRef = D594BC111E025EA600595F59 /* ____Tests.m */; };
		D594BC1D1E025EA600595F59 /* ____UITests.m in Sources */ = {isa = PBXBuildFile; fileRef = D594BC1C1E025EA600595F59 /* ____UITests.m */; };
		D594BC2C1E025F2800595F59 /* NSObject+Jisuanqi.m in Sources */ = {isa = PBXBuildFile; fileRef = D594BC2B1E025F2800595F59 /* NSObject+Jisuanqi.m */; };
		D594BC2F1E025F3E00595F59 /* JiSuanManager.m in Sources */ = {isa = PBXBuildFile; fileRef = D594BC2E1E025F3E00595F59 /* JiSuanManager.m */; };
/* End PBXBuildFile section */

/* Begin PBXContainerItemProxy section */
		D594BC0E1E025EA600595F59 /* PBXContainerItemProxy */ = {
			isa = PBXContainerItemProxy;
			containerPortal = D594BBEC1E025EA500595F59 /* Project object */;
			proxyType = 1;
			remoteGlobalIDString = D594BBF31E025EA500595F59;
			remoteInfo = "链式编程";
		};
		D594BC191E025EA600595F59 /* PBXContainerItemProxy */ = {
			isa = PBXContainerItemProxy;
			containerPortal = D594BBEC1E025EA500595F59 /* Project object */;
			proxyType = 1;
			remoteGlobalIDString = D594BBF31E025EA500595F59;
			remoteInfo = "链式编程";
		};
/* End PBXContainerItemProxy section */

/* Begin PBXFileReference section */
		D594BBF41E025EA500595F59 /* 链式编程.app */ = {isa = PBXFileReference; explicitFileType = wrapper.application; includeInIndex = 0; path = "链式编程.app"; sourceTree = BUILT_PRODUCTS_DIR; };
		D594BBF81E025EA600595F59 /* main.m */ = {isa = PBXFileReference; lastKnownFileType = sourcecode.c.objc; path = main.m; sourceTree = "<group>"; };
		D594BBFA1E025EA600595F59 /* AppDelegate.h */ = {isa = PBXFileReference; lastKnownFileType = sourcecode.c.h; path = AppDelegate.h; sourceTree = "<group>"; };
		D594BBFB1E025EA600595F59 /* AppDelegate.m */ = {isa = PBXFileReference; lastKnownFileType = sourcecode.c.objc; path = AppDelegate.m; sourceTree = "<group>"; };
		D594BBFD1E025EA600595F59 /* ViewController.h */ = {isa = PBXFileReference; lastKnownFileType = sourcecode.c.h; path = ViewController.h; sourceTree = "<group>"; };
		D594BBFE1E025EA600595F59 /* ViewController.m */ = {isa = PBXFileReference; lastKnownFileType = sourcecode.c.objc; path = ViewController.m; sourceTree = "<group>"; };
		D594BC011E025EA600595F59 /* Base */ = {isa = PBXFileReference; lastKnownFileType = file.storyboard; name = Base; path = Base.lproj/Main.storyboard; sourceTree = "<group>"; };
		D594BC031E025EA600595F59 /* Assets.xcassets */ = {isa = PBXFileReference; lastKnownFileType = folder.assetcatalog; path = Assets.xcassets; sourceTree = "<group>"; };
		D594BC061E025EA600595F59 /* Base */ = {isa = PBXFileReference; lastKnownFileType = file.storyboard; name = Base; path = Base.lproj/LaunchScreen.storyboard; sourceTree = "<group>"; };
		D594BC081E025EA600595F59 /* Info.plist */ = {isa = PBXFileReference; lastKnownFileType = text.plist.xml; path = Info.plist; sourceTree = "<group>"; };
		D594BC0D1E025EA600595F59 /* 链式编程Tests.xctest */ = {isa = PBXFileReference; explicitFileType = wrapper.cfbundle; includeInIndex = 0; path = "链式编程Tests.xctest"; sourceTree = BUILT_PRODUCTS_DIR; };
		D594BC111E025EA600595F59 /* ____Tests.m */ = {isa = PBXFileReference; lastKnownFileType = sourcecode.c.objc; path = "____Tests.m"; sourceTree = "<group>"; };
		D594BC131E025EA600595F59 /* Info.plist */ = {isa = PBXFileReference; lastKnownFileType = text.plist.xml; path = Info.plist; sourceTree = "<group>"; };
		D594BC181E025EA600595F59 /* 链式编程UITests.xctest */ = {isa = PBXFileReference; explicitFileType = wrapper.cfbundle; includeInIndex = 0; path = "链式编程UITests.xctest"; sourceTree = BUILT_PRODUCTS_DIR; };
		D594BC1C1E025EA600595F59 /* ____UITests.m */ = {isa = PBXFileReference; lastKnownFileType = sourcecode.c.objc; path = "____UITests.m"; sourceTree = "<group>"; };
		D594BC1E1E025EA600595F59 /* Info.plist */ = {isa = PBXFileReference; lastKnownFileType = text.plist.xml; path = Info.plist; sourceTree = "<group>"; };
		D594BC2A1E025F2800595F59 /* NSObject+Jisuanqi.h */ = {isa = PBXFileReference; fileEncoding = 4; lastKnownFileType = sourcecode.c.h; path = "NSObject+Jisuanqi.h"; sourceTree = "<group>"; };
		D594BC2B1E025F2800595F59 /* NSObject+Jisuanqi.m */ = {isa = PBXFileReference; fileEncoding = 4; lastKnownFileType = sourcecode.c.objc; path = "NSObject+Jisuanqi.m"; sourceTree = "<group>"; };
		D594BC2D1E025F3E00595F59 /* JiSuanManager.h */ = {isa = PBXFileReference; fileEncoding = 4; lastKnownFileType = sourcecode.c.h; path = JiSuanManager.h; sourceTree = "<group>"; };
		D594BC2E1E025F3E00595F59 /* JiSuanManager.m */ = {isa = PBXFileReference; fileEncoding = 4; lastKnownFileType = sourcecode.c.objc; path = JiSuanManager.m; sourceTree = "<group>"; };
/* End PBXFileReference section */

/* Begin PBXFrameworksBuildPhase section */
		D594BBF11E025EA500595F59 /* Frameworks */ = {
			isa = PBXFrameworksBuildPhase;
			buildActionMask = 2147483647;
			files = (
			);
			runOnlyForDeploymentPostprocessing = 0;
		};
		D594BC0A1E025EA600595F59 /* Frameworks */ = {
			isa = PBXFrameworksBuildPhase;
			buildActionMask = 2147483647;
			files = (
			);
			runOnlyForDeploymentPostprocessing = 0;
		};
		D594BC151E025EA600595F59 /* Frameworks */ = {
			isa = PBXFrameworksBuildPhase;
			buildActionMask = 2147483647;
			files = (
			);
			runOnlyForDeploymentPostprocessing = 0;
		};
/* End PBXFrameworksBuildPhase section */

/* Begin PBXGroup section */
		D594BBEB1E025EA500595F59 = {
			isa = PBXGroup;
			children = (
				D594BBF61E025EA500595F59 /* 链式编程 */,
				D594BC101E025EA600595F59 /* 链式编程Tests */,
				D594BC1B1E025EA600595F59 /* 链式编程UITests */,
				D594BBF51E025EA500595F59 /* Products */,
			);
			sourceTree = "<group>";
		};
		D594BBF51E025EA500595F59 /* Products */ = {
			isa = PBXGroup;
			children = (
				D594BBF41E025EA500595F59 /* 链式编程.app */,
				D594BC0D1E025EA600595F59 /* 链式编程Tests.xctest */,
				D594BC181E025EA600595F59 /* 链式编程UITests.xctest */,
			);
			name = Products;
			sourceTree = "<group>";
		};
		D594BBF61E025EA500595F59 /* 链式编程 */ = {
			isa = PBXGroup;
			children = (
				D594BBFA1E025EA600595F59 /* AppDelegate.h */,
				D594BBFB1E025EA600595F59 /* AppDelegate.m */,
				D594BBFD1E025EA600595F59 /* ViewController.h */,
				D594BBFE1E025EA600595F59 /* ViewController.m */,
				D594BC001E025EA600595F59 /* Main.storyboard */,
				D594BC031E025EA600595F59 /* Assets.xcassets */,
				D594BC051E025EA600595F59 /* LaunchScreen.storyboard */,
				D594BC081E025EA600595F59 /* Info.plist */,
				D594BBF71E025EA500595F59 /* Supporting Files */,
			);
			path = "链式编程";
			sourceTree = "<group>";
		};
		D594BBF71E025EA500595F59 /* Supporting Files */ = {
			isa = PBXGroup;
			children = (
				D594BBF81E025EA600595F59 /* main.m */,
				D594BC2A1E025F2800595F59 /* NSObject+Jisuanqi.h */,
				D594BC2B1E025F2800595F59 /* NSObject+Jisuanqi.m */,
				D594BC2D1E025F3E00595F59 /* JiSuanManager.h */,
				D594BC2E1E025F3E00595F59 /* JiSuanManager.m */,
			);
			name = "Supporting Files";
			sourceTree = "<group>";
		};
		D594BC101E025EA600595F59 /* 链式编程Tests */ = {
			isa = PBXGroup;
			children = (
				D594BC111E025EA600595F59 /* ____Tests.m */,
				D594BC131E025EA600595F59 /* Info.plist */,
			);
			path = "链式编程Tests";
			sourceTree = "<group>";
		};
		D594BC1B1E025EA600595F59 /* 链式编程UITests */ = {
			isa = PBXGroup;
			children = (
				D594BC1C1E025EA600595F59 /* ____UITests.m */,
				D594BC1E1E025EA600595F59 /* Info.plist */,
			);
			path = "链式编程UITests";
			sourceTree = "<group>";
		};
/* End PBXGroup section */

/* Begin PBXNativeTarget section */
		D594BBF31E025EA500595F59 /* 链式编程 */ = {
			isa = PBXNativeTarget;
			buildConfigurationList = D594BC211E025EA600595F59 /* Build configuration list for PBXNativeTarget "链式编程" */;
			buildPhases = (
				D594BBF01E025EA500595F59 /* Sources */,
				D594BBF11E025EA500595F59 /* Frameworks */,
				D594BBF21E025EA500595F59 /* Resources */,
			);
			buildRules = (
			);
			dependencies = (
			);
			name = "链式编程";
			productName = "链式编程";
			productReference = D594BBF41E025EA500595F59 /* 链式编程.app */;
			productType = "com.apple.product-type.application";
		};
		D594BC0C1E025EA600595F59 /* 链式编程Tests */ = {
			isa = PBXNativeTarget;
			buildConfigurationList = D594BC241E025EA600595F59 /* Build configuration list for PBXNativeTarget "链式编程Tests" */;
			buildPhases = (
				D594BC091E025EA600595F59 /* Sources */,
				D594BC0A1E025EA600595F59 /* Frameworks */,
				D594BC0B1E025EA600595F59 /* Resources */,
			);
			buildRules = (
			);
			dependencies = (
				D594BC0F1E025EA600595F59 /* PBXTargetDependency */,
			);
			name = "链式编程Tests";
			productName = "链式编程Tests";
			productReference = D594BC0D1E025EA600595F59 /* 链式编程Tests.xctest */;
			productType = "com.apple.product-type.bundle.unit-test";
		};
		D594BC171E025EA600595F59 /* 链式编程UITests */ = {
			isa = PBXNativeTarget;
			buildConfigurationList = D594BC271E025EA600595F59 /* Build configuration list for PBXNativeTarget "链式编程UITests" */;
			buildPhases = (
				D594BC141E025EA600595F59 /* Sources */,
				D594BC151E025EA600595F59 /* Frameworks */,
				D594BC161E025EA600595F59 /* Resources */,
			);
			buildRules = (
			);
			dependencies = (
				D594BC1A1E025EA600595F59 /* PBXTargetDependency */,
			);
			name = "链式编程UITests";
			productName = "链式编程UITests";
			productReference = D594BC181E025EA600595F59 /* 链式编程UITests.xctest */;
			productType = "com.apple.product-type.bundle.ui-testing";
		};
/* End PBXNativeTarget section */

/* Begin PBXProject section */
		D594BBEC1E025EA500595F59 /* Project object */ = {
			isa = PBXProject;
			attributes = {
				LastUpgradeCheck = 0710;
				ORGANIZATIONNAME = Magic;
				TargetAttributes = {
					D594BBF31E025EA500595F59 = {
						CreatedOnToolsVersion = 7.1.1;
					};
					D594BC0C1E025EA600595F59 = {
						CreatedOnToolsVersion = 7.1.1;
						TestTargetID = D594BBF31E025EA500595F59;
					};
					D594BC171E025EA600595F59 = {
						CreatedOnToolsVersion = 7.1.1;
						TestTargetID = D594BBF31E025EA500595F59;
					};
				};
			};
			buildConfigurationList = D594BBEF1E025EA500595F59 /* Build configuration list for PBXProject "链式编程" */;
			compatibilityVersion = "Xcode 3.2";
			developmentRegion = English;
			hasScannedForEncodings = 0;
			knownRegions = (
				en,
				Base,
			);
			mainGroup = D594BBEB1E025EA500595F59;
			productRefGroup = D594BBF51E025EA500595F59 /* Products */;
			projectDirPath = "";
			projectRoot = "";
			targets = (
				D594BBF31E025EA500595F59 /* 链式编程 */,
				D594BC0C1E025EA600595F59 /* 链式编程Tests */,
				D594BC171E025EA600595F59 /* 链式编程UITests */,
			);
		};
/* End PBXProject section */

/* Begin PBXResourcesBuildPhase section */
		D594BBF21E025EA500595F59 /* Resources */ = {
			isa = PBXResourcesBuildPhase;
			buildActionMask = 2147483647;
			files = (
				D594BC071E025EA600595F59 /* LaunchScreen.storyboard in Resources */,
				D594BC041E025EA600595F59 /* Assets.xcassets in Resources */,
				D594BC021E025EA600595F59 /* Main.storyboard in Resources */,
			);
			runOnlyForDeploymentPostprocessing = 0;
		};
		D594BC0B1E025EA600595F59 /* Resources */ = {
			isa = PBXResourcesBuildPhase;
			buildActionMask = 2147483647;
			files = (
			);
			runOnlyForDeploymentPostprocessing = 0;
		};
		D594BC161E025EA600595F59 /* Resources */ = {
			isa = PBXResourcesBuildPhase;
			buildActionMask = 2147483647;
			files = (
			);
			runOnlyForDeploymentPostprocessing = 0;
		};
/* End PBXResourcesBuildPhase section */

/* Begin PBXSourcesBuildPhase section */
		D594BBF01E025EA500595F59 /* Sources */ = {
			isa = PBXSourcesBuildPhase;
			buildActionMask = 2147483647;
			files = (
				D594BC2F1E025F3E00595F59 /* JiSuanManager.m in Sources */,
				D594BBFF1E025EA600595F59 /* ViewController.m in Sources */,
				D594BC2C1E025F2800595F59 /* NSObject+Jisuanqi.m in Sources */,
				D594BBFC1E025EA600595F59 /* AppDelegate.m in Sources */,
				D594BBF91E025EA600595F59 /* main.m in Sources */,
			);
			runOnlyForDeploymentPostprocessing = 0;
		};
		D594BC091E025EA600595F59 /* Sources */ = {
			isa = PBXSourcesBuildPhase;
			buildActionMask = 2147483647;
			files = (
				D594BC121E025EA600595F59 /* ____Tests.m in Sources */,
			);
			runOnlyForDeploymentPostprocessing = 0;
		};
		D594BC141E025EA600595F59 /* Sources */ = {
			isa = PBXSourcesBuildPhase;
			buildActionMask = 2147483647;
			files = (
				D594BC1D1E025EA600595F59 /* ____UITests.m in Sources */,
			);
			runOnlyForDeploymentPostprocessing = 0;
		};
/* End PBXSourcesBuildPhase section */

/* Begin PBXTargetDependency section */
		D594BC0F1E025EA600595F59 /* PBXTargetDependency */ = {
			isa = PBXTargetDependency;
			target = D594BBF31E025EA500595F59 /* 链式编程 */;
			targetProxy = D594BC0E1E025EA600595F59 /* PBXContainerItemProxy */;
		};
		D594BC1A1E025EA600595F59 /* PBXTargetDependency */ = {
			isa = PBXTargetDependency;
			target = D594BBF31E025EA500595F59 /* 链式编程 */;
			targetProxy = D594BC191E025EA600595F59 /* PBXContainerItemProxy */;
		};
/* End PBXTargetDependency section */

/* Begin PBXVariantGroup section */
		D594BC001E025EA600595F59 /* Main.storyboard */ = {
			isa = PBXVariantGroup;
			children = (
				D594BC011E025EA600595F59 /* Base */,
			);
			name = Main.storyboard;
			sourceTree = "<group>";
		};
		D594BC051E025EA600595F59 /* LaunchScreen.storyboard */ = {
			isa = PBXVariantGroup;
			children = (
				D594BC061E025EA600595F59 /* Base */,
			);
			name = LaunchScreen.storyboard;
			sourceTree = "<group>";
		};
/* End PBXVariantGroup section */

/* Begin XCBuildConfiguration section */
		D594BC1F1E025EA600595F59 /* Debug */ = {
			isa = XCBuildConfiguration;
			buildSettings = {
				ALWAYS_SEARCH_USER_PATHS = NO;
				CLANG_CXX_LANGUAGE_STANDARD = "gnu++0x";
				CLANG_CXX_LIBRARY = "libc++";
				CLANG_ENABLE_MODULES = YES;
				CLANG_ENABLE_OBJC_ARC = YES;
				CLANG_WARN_BOOL_CONVERSION = YES;
				CLANG_WARN_CONSTANT_CONVERSION = YES;
				CLANG_WARN_DIRECT_OBJC_ISA_USAGE = YES_ERROR;
				CLANG_WARN_EMPTY_BODY = YES;
				CLANG_WARN_ENUM_CONVERSION = YES;
				CLANG_WARN_INT_CONVERSION = YES;
				CLANG_WARN_OBJC_ROOT_CLASS = YES_ERROR;
				CLANG_WARN_UNREACHABLE_CODE = YES;
				CLANG_WARN__DUPLICATE_METHOD_MATCH = YES;
				"CODE_SIGN_IDENTITY[sdk=iphoneos*]" = "iPhone Developer";
				COPY_PHASE_STRIP = NO;
				DEBUG_INFORMATION_FORMAT = dwarf;
				ENABLE_STRICT_OBJC_MSGSEND = YES;
				ENABLE_TESTABILITY = YES;
				GCC_C_LANGUAGE_STANDARD = gnu99;
				GCC_DYNAMIC_NO_PIC = NO;
				GCC_NO_COMMON_BLOCKS = YES;
				GCC_OPTIMIZATION_LEVEL = 0;
				GCC_PREPROCESSOR_DEFINITIONS = (
					"DEBUG=1",
					"$(inherited)",
				);
				GCC_WARN_64_TO_32_BIT_CONVERSION = YES;
				GCC_WARN_ABOUT_RETURN_TYPE = YES_ERROR;
				GCC_WARN_UNDECLARED_SELECTOR = YES;
				GCC_WARN_UNINITIALIZED_AUTOS = YES_AGGRESSIVE;
				GCC_WARN_UNUSED_FUNCTION = YES;
				GCC_WARN_UNUSED_VARIABLE = YES;
				IPHONEOS_DEPLOYMENT_TARGET = 9.1;
				MTL_ENABLE_DEBUG_INFO = YES;
				ONLY_ACTIVE_ARCH = YES;
				SDKROOT = iphoneos;
			};
			name = Debug;
		};
		D594BC201E025EA600595F59 /* Release */ = {
			isa = XCBuildConfiguration;
			buildSettings = {
				ALWAYS_SEARCH_USER_PATHS = NO;
				CLANG_CXX_LANGUAGE_STANDARD = "gnu++0x";
				CLANG_CXX_LIBRARY = "libc++";
				CLANG_ENABLE_MODULES = YES;
				CLANG_ENABLE_OBJC_ARC = YES;
				CLANG_WARN_BOOL_CONVERSION = YES;
				CLANG_WARN_CONSTANT_CONVERSION = YES;
				CLANG_WARN_DIRECT_OBJC_ISA_USAGE = YES_ERROR;
				CLANG_WARN_EMPTY_BODY = YES;
				CLANG_WARN_ENUM_CONVERSION = YES;
				CLANG_WARN_INT_CONVERSION = YES;
				CLANG_WARN_OBJC_ROOT_CLASS = YES_ERROR;
				CLANG_WARN_UNREACHABLE_CODE = YES;
				CLANG_WARN__DUPLICATE_METHOD_MATCH = YES;
				"CODE_SIGN_IDENTITY[sdk=iphoneos*]" = "iPhone Developer";
				COPY_PHASE_STRIP = NO;
				DEBUG_INFORMATION_FORMAT = "dwarf-with-dsym";
				ENABLE_NS_ASSERTIONS = NO;
				ENABLE_STRICT_OBJC_MSGSEND = YES;
				GCC_C_LANGUAGE_STANDARD = gnu99;
				GCC_NO_COMMON_BLOCKS = YES;
				GCC_WARN_64_TO_32_BIT_CONVERSION = YES;
				GCC_WARN_ABOUT_RETURN_TYPE = YES_ERROR;
				GCC_WARN_UNDECLARED_SELECTOR = YES;
				GCC_WARN_UNINITIALIZED_AUTOS = YES_AGGRESSIVE;
				GCC_WARN_UNUSED_FUNCTION = YES;
				GCC_WARN_UNUSED_VARIABLE = YES;
				IPHONEOS_DEPLOYMENT_TARGET = 9.1;
				MTL_ENABLE_DEBUG_INFO = NO;
				SDKROOT = iphoneos;
				VALIDATE_PRODUCT = YES;
			};
			name = Release;
		};
		D594BC221E025EA600595F59 /* Debug */ = {
			isa = XCBuildConfiguration;
			buildSettings = {
				ASSETCATALOG_COMPILER_APPICON_NAME = AppIcon;
				INFOPLIST_FILE = "链式编程/Info.plist";
				LD_RUNPATH_SEARCH_PATHS = "$(inherited) @executable_path/Frameworks";
				PRODUCT_BUNDLE_IDENTIFIER = "com.Magic.----";
				PRODUCT_NAME = "$(TARGET_NAME)";
			};
			name = Debug;
		};
		D594BC231E025EA600595F59 /* Release */ = {
			isa = XCBuildConfiguration;
			buildSettings = {
				ASSETCATALOG_COMPILER_APPICON_NAME = AppIcon;
				INFOPLIST_FILE = "链式编程/Info.plist";
				LD_RUNPATH_SEARCH_PATHS = "$(inherited) @executable_path/Frameworks";
				PRODUCT_BUNDLE_IDENTIFIER = "com.Magic.----";
				PRODUCT_NAME = "$(TARGET_NAME)";
			};
			name = Release;
		};
		D594BC251E025EA600595F59 /* Debug */ = {
			isa = XCBuildConfiguration;
			buildSettings = {
				BUNDLE_LOADER = "$(TEST_HOST)";
				INFOPLIST_FILE = "链式编程Tests/Info.plist";
				LD_RUNPATH_SEARCH_PATHS = "$(inherited) @executable_path/Frameworks @loader_path/Frameworks";
				PRODUCT_BUNDLE_IDENTIFIER = "com.Magic.----Tests";
				PRODUCT_NAME = "$(TARGET_NAME)";
				TEST_HOST = "$(BUILT_PRODUCTS_DIR)/链式编程.app/链式编程";
			};
			name = Debug;
		};
		D594BC261E025EA600595F59 /* Release */ = {
			isa = XCBuildConfiguration;
			buildSettings = {
				BUNDLE_LOADER = "$(TEST_HOST)";
				INFOPLIST_FILE = "链式编程Tests/Info.plist";
				LD_RUNPATH_SEARCH_PATHS = "$(inherited) @executable_path/Frameworks @loader_path/Frameworks";
				PRODUCT_BUNDLE_IDENTIFIER = "com.Magic.----Tests";
				PRODUCT_NAME = "$(TARGET_NAME)";
				TEST_HOST = "$(BUILT_PRODUCTS_DIR)/链式编程.app/链式编程";
			};
			name = Release;
		};
		D594BC281E025EA600595F59 /* Debug */ = {
			isa = XCBuildConfiguration;
			buildSettings = {
				INFOPLIST_FILE = "链式编程UITests/Info.plist";
				LD_RUNPATH_SEARCH_PATHS = "$(inherited) @executable_path/Frameworks @loader_path/Frameworks";
				PRODUCT_BUNDLE_IDENTIFIER = "com.Magic.----UITests";
				PRODUCT_NAME = "$(TARGET_NAME)";
				TEST_TARGET_NAME = "链式编程";
				USES_XCTRUNNER = YES;
			};
			name = Debug;
		};
		D594BC291E025EA600595F59 /* Release */ = {
			isa = XCBuildConfiguration;
			buildSettings = {
				INFOPLIST_FILE = "链式编程UITests/Info.plist";
				LD_RUNPATH_SEARCH_PATHS = "$(inherited) @executable_path/Frameworks @loader_path/Frameworks";
				PRODUCT_BUNDLE_IDENTIFIER = "com.Magic.----UITests";
				PRODUCT_NAME = "$(TARGET_NAME)";
				TEST_TARGET_NAME = "链式编程";
				USES_XCTRUNNER = YES;
			};
			name = Release;
		};
/* End XCBuildConfiguration section */

/* Begin XCConfigurationList section */
		D594BBEF1E025EA500595F59 /* Build configuration list for PBXProject "链式编程" */ = {
			isa = XCConfigurationList;
			buildConfigurations = (
				D594BC1F1E025EA600595F59 /* Debug */,
				D594BC201E025EA600595F59 /* Release */,
			);
			defaultConfigurationIsVisible = 0;
			defaultConfigurationName = Release;
		};
		D594BC211E025EA600595F59 /* Build configuration list for PBXNativeTarget "链式编程" */ = {
			isa = XCConfigurationList;
			buildConfigurations = (
				D594BC221E025EA600595F59 /* Debug */,
				D594BC231E025EA600595F59 /* Release */,
			);
			defaultConfigurationIsVisible = 0;
		};
		D594BC241E025EA600595F59 /* Build configuration list for PBXNativeTarget "链式编程Tests" */ = {
			isa = XCConfigurationList;
			buildConfigurations = (
				D594BC251E025EA600595F59 /* Debug */,
				D594BC261E025EA600595F59 /* Release */,
			);
			defaultConfigurationIsVisible = 0;
		};
		D594BC271E025EA600595F59 /* Build configuration list for PBXNativeTarget "链式编程UITests" */ = {
			isa = XCConfigurationList;
			buildConfigurations = (
				D594BC281E025EA600595F59 /* Debug */,
				D594BC291E025EA600595F59 /* Release */,
			);
			defaultConfigurationIsVisible = 0;
		};
/* End XCConfigurationList section */
	};
	rootObject = D594BBEC1E025EA500595F59 /* Project object */;
}
